
Microsoft Visual Studio Solution File, Format Version 12.00
# Visual Studio 2013
VisualStudioVersion = 12.0.31101.0
MinimumVisualStudioVersion = 10.0.40219.1
Project("{FAE04EC0-301F-11D3-BF4B-00C04F79EFBC}") = "GasMileageWPF_MVVM", "GasMileageWPF_MVVM\GasMileageWPF_MVVM.csproj", "{1605059A-B428-42EF-B0D2-6F9E796D6800}"
EndProject
Global
	GlobalSection(SolutionConfigurationPlatforms) = preSolution
		Debug|x64 = Debug|x64
		Debug|x86 = Debug|x86
		Release|x64 = Release|x64
		Release|x86 = Release|x86
	EndGlobalSection
	GlobalSection(ProjectConfigurationPlatforms) = postSolution
		{1605059A-B428-42EF-B0D2-6F9E796D6800}.Debug|x64.ActiveCfg = Debug|x64
		{1605059A-B428-42EF-B0D2-6F9E796D6800}.Debug|x64.Build.0 = Debug|x64
		{1605059A-B428-42EF-B0D2-6F9E796D6800}.Debug|x86.ActiveCfg = Debug|x86
		{1605059A-B428-42EF-B0D2-6F9E796D6800}.Debug|x86.Build.0 = Debug|x86
		{1605059A-B428-42EF-B0D2-6F9E796D6800}.Release|x64.ActiveCfg = Release|x64
		{1605059A-B428-42EF-B0D2-6F9E796D6800}.Release|x64.Build.0 = Release|x64
		{1605059A-B428-42EF-B0D2-6F9E796D6800}.Release|x86.ActiveCfg = Release|x86
		{1605059A-B428-42EF-B0D2-6F9E796D6800}.Release|x86.Build.0 = Release|x86
	EndGlobalSection
	GlobalSection(SolutionProperties) = preSolution
		HideSolutionNode = FALSE
	EndGlobalSection
	GlobalSection(VaultVsipSolution-v2) = preSolution
		VaultHost = https://idssrv01/VaultService
		VaultRepositoryID = 4
		VaultRepositoryGUID = 4b4a5c8c-f066-4aa2-ac21-6ed76a6043ef
		ProjectCount = 1
		ProjectRelativeDiskPath1 = GasMileageWPF_MVVM\GasMileageWPF_MVVM.csproj
	EndGlobalSection
EndGlobal
